// !$*UTF8*$!
{
	archiveVersion = 1;
	classes = {
	};
	objectVersion = 56;
	objects = {

/* Begin PBXBuildFile section */
		52283BB82A8DDEEA003942F2 /* Travel_EraApp.swift in Sources */ = {isa = PBXBuildFile; fileRef = 52283BB72A8DDEEA003942F2 /* Travel_EraApp.swift */; };
		52283BBA2A8DDEEA003942F2 /* ContentView.swift in Sources */ = {isa = PBXBuildFile; fileRef = 52283BB92A8DDEEA003942F2 /* ContentView.swift */; };
		52283BBF2A8DDEEC003942F2 /* Preview Assets.xcassets in Resources */ = {isa = PBXBuildFile; fileRef = 52283BBE2A8DDEEC003942F2 /* Preview Assets.xcassets */; };
		5274BED32A8F224D00775B4B /* Assets.xcassets in Resources */ = {isa = PBXBuildFile; fileRef = 5274BED22A8F224C00775B4B /* Assets.xcassets */; };
		5274BED82A8F22FE00775B4B /* locations.swift in Sources */ = {isa = PBXBuildFile; fileRef = 5274BED72A8F22FE00775B4B /* locations.swift */; };
		5274BEDB2A8F243900775B4B /* LocationsDataService.swift in Sources */ = {isa = PBXBuildFile; fileRef = 5274BEDA2A8F243900775B4B /* LocationsDataService.swift */; };
		5274BEDD2A8F253900775B4B /* locationView.swift in Sources */ = {isa = PBXBuildFile; fileRef = 5274BEDC2A8F253900775B4B /* locationView.swift */; };
		5274BEDF2A8F255300775B4B /* locationViewModel.swift in Sources */ = {isa = PBXBuildFile; fileRef = 5274BEDE2A8F255300775B4B /* locationViewModel.swift */; };
		5274BEE12A8F2F5300775B4B /* locationListView.swift in Sources */ = {isa = PBXBuildFile; fileRef = 5274BEE02A8F2F5300775B4B /* locationListView.swift */; };
		5274BEE32A8F610600775B4B /* locationPreviewView.swift in Sources */ = {isa = PBXBuildFile; fileRef = 5274BEE22A8F610600775B4B /* locationPreviewView.swift */; };
		5274BEE52A8F6D6600775B4B /* locationMapAnnotationView.swift in Sources */ = {isa = PBXBuildFile; fileRef = 5274BEE42A8F6D6600775B4B /* locationMapAnnotationView.swift */; };
		5274BEE72A8F72FF00775B4B /* LocationDetalisView.swift in Sources */ = {isa = PBXBuildFile; fileRef = 5274BEE62A8F72FF00775B4B /* LocationDetalisView.swift */; };
/* End PBXBuildFile section */

/* Begin PBXFileReference section */
		52283BB42A8DDEEA003942F2 /* Travel Era.app */ = {isa = PBXFileReference; explicitFileType = wrapper.application; includeInIndex = 0; path = "Travel Era.app"; sourceTree = BUILT_PRODUCTS_DIR; };
		52283BB72A8DDEEA003942F2 /* Travel_EraApp.swift */ = {isa = PBXFileReference; lastKnownFileType = sourcecode.swift; path = Travel_EraApp.swift; sourceTree = "<group>"; };
		52283BB92A8DDEEA003942F2 /* ContentView.swift */ = {isa = PBXFileReference; lastKnownFileType = sourcecode.swift; path = ContentView.swift; sourceTree = "<group>"; };
		52283BBE2A8DDEEC003942F2 /* Preview Assets.xcassets */ = {isa = PBXFileReference; lastKnownFileType = folder.assetcatalog; path = "Preview Assets.xcassets"; sourceTree = "<group>"; };
		5274BED22A8F224C00775B4B /* Assets.xcassets */ = {isa = PBXFileReference; lastKnownFileType = folder.assetcatalog; name = Assets.xcassets; path = "../../../Downloads/b6dc374-3b0b-6bdc-3b7f-f7ce4c005a_SwiftfulMapApp-Downloads/Assets.xcassets"; sourceTree = "<group>"; };
		5274BED72A8F22FE00775B4B /* locations.swift */ = {isa = PBXFileReference; lastKnownFileType = sourcecode.swift; path = locations.swift; sourceTree = "<group>"; };
		5274BEDA2A8F243900775B4B /* LocationsDataService.swift */ = {isa = PBXFileReference; fileEncoding = 4; lastKnownFileType = sourcecode.swift; path = LocationsDataService.swift; sourceTree = "<group>"; };
		5274BEDC2A8F253900775B4B /* locationView.swift */ = {isa = PBXFileReference; lastKnownFileType = sourcecode.swift; path = locationView.swift; sourceTree = "<group>"; };
		5274BEDE2A8F255300775B4B /* locationViewModel.swift */ = {isa = PBXFileReference; lastKnownFileType = sourcecode.swift; path = locationViewModel.swift; sourceTree = "<group>"; };
		5274BEE02A8F2F5300775B4B /* locationListView.swift */ = {isa = PBXFileReference; lastKnownFileType = sourcecode.swift; path = locationListView.swift; sourceTree = "<group>"; };
		5274BEE22A8F610600775B4B /* locationPreviewView.swift */ = {isa = PBXFileReference; lastKnownFileType = sourcecode.swift; path = locationPreviewView.swift; sourceTree = "<group>"; };
		5274BEE42A8F6D6600775B4B /* locationMapAnnotationView.swift */ = {isa = PBXFileReference; lastKnownFileType = sourcecode.swift; path = locationMapAnnotationView.swift; sourceTree = "<group>"; };
		5274BEE62A8F72FF00775B4B /* LocationDetalisView.swift */ = {isa = PBXFileReference; lastKnownFileType = sourcecode.swift; path = LocationDetalisView.swift; sourceTree = "<group>"; };
		5274BEE82A8F946300775B4B /* Travel-Era-Info.plist */ = {isa = PBXFileReference; lastKnownFileType = text.plist; path = "Travel-Era-Info.plist"; sourceTree = SOURCE_ROOT; };
/* End PBXFileReference section */

/* Begin PBXFrameworksBuildPhase section */
		52283BB12A8DDEEA003942F2 /* Frameworks */ = {
			isa = PBXFrameworksBuildPhase;
			buildActionMask = 2147483647;
			files = (
			);
			runOnlyForDeploymentPostprocessing = 0;
		};
/* End PBXFrameworksBuildPhase section */

/* Begin PBXGroup section */
		52283BAB2A8DDEEA003942F2 = {
			isa = PBXGroup;
			children = (
				52283BB62A8DDEEA003942F2 /* Travel Era */,
				52283BB52A8DDEEA003942F2 /* Products */,
			);
			sourceTree = "<group>";
		};
		52283BB52A8DDEEA003942F2 /* Products */ = {
			isa = PBXGroup;
			children = (
				52283BB42A8DDEEA003942F2 /* Travel Era.app */,
			);
			name = Products;
			sourceTree = "<group>";
		};
		52283BB62A8DDEEA003942F2 /* Travel Era */ = {
			isa = PBXGroup;
			children = (
				5274BEE82A8F946300775B4B /* Travel-Era-Info.plist */,
				5274BED92A8F241B00775B4B /* DataServices */,
				5274BED62A8F22DE00775B4B /* ViewModels */,
				5274BED52A8F22D200775B4B /* Views */,
				5274BED42A8F22C700775B4B /* Models */,
				52283BB72A8DDEEA003942F2 /* Travel_EraApp.swift */,
				52283BB92A8DDEEA003942F2 /* ContentView.swift */,
				5274BED22A8F224C00775B4B /* Assets.xcassets */,
				52283BBD2A8DDEEC003942F2 /* Preview Content */,
			);
			path = "Travel Era";
			sourceTree = "<group>";
		};
		52283BBD2A8DDEEC003942F2 /* Preview Content */ = {
			isa = PBXGroup;
			children = (
				52283BBE2A8DDEEC003942F2 /* Preview Assets.xcassets */,
			);
			path = "Preview Content";
			sourceTree = "<group>";
		};
		5274BED42A8F22C700775B4B /* Models */ = {
			isa = PBXGroup;
			children = (
				5274BED72A8F22FE00775B4B /* locations.swift */,
			);
			path = Models;
			sourceTree = "<group>";
		};
		5274BED52A8F22D200775B4B /* Views */ = {
			isa = PBXGroup;
			children = (
				5274BEDC2A8F253900775B4B /* locationView.swift */,
				5274BEE02A8F2F5300775B4B /* locationListView.swift */,
				5274BEE22A8F610600775B4B /* locationPreviewView.swift */,
				5274BEE42A8F6D6600775B4B /* locationMapAnnotationView.swift */,
				5274BEE62A8F72FF00775B4B /* LocationDetalisView.swift */,
			);
			path = Views;
			sourceTree = "<group>";
		};
		5274BED62A8F22DE00775B4B /* ViewModels */ = {
			isa = PBXGroup;
			children = (
				5274BEDE2A8F255300775B4B /* locationViewModel.swift */,
			);
			path = ViewModels;
			sourceTree = "<group>";
		};
		5274BED92A8F241B00775B4B /* DataServices */ = {
			isa = PBXGroup;
			children = (
				5274BEDA2A8F243900775B4B /* LocationsDataService.swift */,
			);
			path = DataServices;
			sourceTree = "<group>";
		};
/* End PBXGroup section */

/* Begin PBXNativeTarget section */
		52283BB32A8DDEEA003942F2 /* Travel Era */ = {
			isa = PBXNativeTarget;
			buildConfigurationList = 52283BC22A8DDEEC003942F2 /* Build configuration list for PBXNativeTarget "Travel Era" */;
			buildPhases = (
				52283BB02A8DDEEA003942F2 /* Sources */,
				52283BB12A8DDEEA003942F2 /* Frameworks */,
				52283BB22A8DDEEA003942F2 /* Resources */,
			);
			buildRules = (
			);
			dependencies = (
			);
			name = "Travel Era";
			productName = "Travel Era";
			productReference = 52283BB42A8DDEEA003942F2 /* Travel Era.app */;
			productType = "com.apple.product-type.application";
		};
/* End PBXNativeTarget section */

/* Begin PBXProject section */
		52283BAC2A8DDEEA003942F2 /* Project object */ = {
			isa = PBXProject;
			attributes = {
				BuildIndependentTargetsInParallel = 1;
				LastSwiftUpdateCheck = 1430;
				LastUpgradeCheck = 1430;
				TargetAttributes = {
					52283BB32A8DDEEA003942F2 = {
						CreatedOnToolsVersion = 14.3.1;
					};
				};
			};
			buildConfigurationList = 52283BAF2A8DDEEA003942F2 /* Build configuration list for PBXProject "Travel Era" */;
			compatibilityVersion = "Xcode 14.0";
			developmentRegion = en;
			hasScannedForEncodings = 0;
			knownRegions = (
				en,
				Base,
			);
			mainGroup = 52283BAB2A8DDEEA003942F2;
			productRefGroup = 52283BB52A8DDEEA003942F2 /* Products */;
			projectDirPath = "";
			projectRoot = "";
			targets = (
				52283BB32A8DDEEA003942F2 /* Travel Era */,
			);
		};
/* End PBXProject section */

/* Begin PBXResourcesBuildPhase section */
		52283BB22A8DDEEA003942F2 /* Resources */ = {
			isa = PBXResourcesBuildPhase;
			buildActionMask = 2147483647;
			files = (
				5274BED32A8F224D00775B4B /* Assets.xcassets in Resources */,
				52283BBF2A8DDEEC003942F2 /* Preview Assets.xcassets in Resources */,
			);
			runOnlyForDeploymentPostprocessing = 0;
		};
/* End PBXResourcesBuildPhase section */

/* Begin PBXSourcesBuildPhase section */
		52283BB02A8DDEEA003942F2 /* Sources */ = {
			isa = PBXSourcesBuildPhase;
			buildActionMask = 2147483647;
			files = (
				5274BEE52A8F6D6600775B4B /* locationMapAnnotationView.swift in Sources */,
				5274BEDB2A8F243900775B4B /* LocationsDataService.swift in Sources */,
				5274BEE72A8F72FF00775B4B /* LocationDetalisView.swift in Sources */,
				5274BEE12A8F2F5300775B4B /* locationListView.swift in Sources */,
				5274BEE32A8F610600775B4B /* locationPreviewView.swift in Sources */,
				52283BBA2A8DDEEA003942F2 /* ContentView.swift in Sources */,
				5274BEDD2A8F253900775B4B /* locationView.swift in Sources */,
				5274BEDF2A8F255300775B4B /* locationViewModel.swift in Sources */,
				5274BED82A8F22FE00775B4B /* locations.swift in Sources */,
				52283BB82A8DDEEA003942F2 /* Travel_EraApp.swift in Sources */,
			);
			runOnlyForDeploymentPostprocessing = 0;
		};
/* End PBXSourcesBuildPhase section */

/* Begin XCBuildConfiguration section */
		52283BC02A8DDEEC003942F2 /* Debug */ = {
			isa = XCBuildConfiguration;
			buildSettings = {
				ALWAYS_SEARCH_USER_PATHS = NO;
				CLANG_ANALYZER_NONNULL = YES;
				CLANG_ANALYZER_NUMBER_OBJECT_CONVERSION = YES_AGGRESSIVE;
				CLANG_CXX_LANGUAGE_STANDARD = "gnu++20";
				CLANG_ENABLE_MODULES = YES;
				CLANG_ENABLE_OBJC_ARC = YES;
				CLANG_ENABLE_OBJC_WEAK = YES;
				CLANG_WARN_BLOCK_CAPTURE_AUTORELEASING = YES;
				CLANG_WARN_BOOL_CONVERSION = YES;
				CLANG_WARN_COMMA = YES;
				CLANG_WARN_CONSTANT_CONVERSION = YES;
				CLANG_WARN_DEPRECATED_OBJC_IMPLEMENTATIONS = YES;
				CLANG_WARN_DIRECT_OBJC_ISA_USAGE = YES_ERROR;
				CLANG_WARN_DOCUMENTATION_COMMENTS = YES;
				CLANG_WARN_EMPTY_BODY = YES;
				CLANG_WARN_ENUM_CONVERSION = YES;
				CLANG_WARN_INFINITE_RECURSION = YES;
				CLANG_WARN_INT_CONVERSION = YES;
				CLANG_WARN_NON_LITERAL_NULL_CONVERSION = YES;
				CLANG_WARN_OBJC_IMPLICIT_RETAIN_SELF = YES;
				CLANG_WARN_OBJC_LITERAL_CONVERSION = YES;
				CLANG_WARN_OBJC_ROOT_CLASS = YES_ERROR;
				CLANG_WARN_QUOTED_INCLUDE_IN_FRAMEWORK_HEADER = YES;
				CLANG_WARN_RANGE_LOOP_ANALYSIS = YES;
				CLANG_WARN_STRICT_PROTOTYPES = YES;
				CLANG_WARN_SUSPICIOUS_MOVE = YES;
				CLANG_WARN_UNGUARDED_AVAILABILITY = YES_AGGRESSIVE;
				CLANG_WARN_UNREACHABLE_CODE = YES;
				CLANG_WARN__DUPLICATE_METHOD_MATCH = YES;
				COPY_PHASE_STRIP = NO;
				DEBUG_INFORMATION_FORMAT = dwarf;
				ENABLE_STRICT_OBJC_MSGSEND = YES;
				ENABLE_TESTABILITY = YES;
				GCC_C_LANGUAGE_STANDARD = gnu11;
				GCC_DYNAMIC_NO_PIC = NO;
				GCC_NO_COMMON_BLOCKS = YES;
				GCC_OPTIMIZATION_LEVEL = 0;
				GCC_PREPROCESSOR_DEFINITIONS = (
					"DEBUG=1",
					"$(inherited)",
				);
				GCC_WARN_64_TO_32_BIT_CONVERSION = YES;
				GCC_WARN_ABOUT_RETURN_TYPE = YES_ERROR;
				GCC_WARN_UNDECLARED_SELECTOR = YES;
				GCC_WARN_UNINITIALIZED_AUTOS = YES_AGGRESSIVE;
				GCC_WARN_UNUSED_FUNCTION = YES;
				GCC_WARN_UNUSED_VARIABLE = YES;
				IPHONEOS_DEPLOYMENT_TARGET = 15.0;
				MTL_ENABLE_DEBUG_INFO = INCLUDE_SOURCE;
				MTL_FAST_MATH = YES;
				ONLY_ACTIVE_ARCH = YES;
				SDKROOT = iphoneos;
				SWIFT_ACTIVE_COMPILATION_CONDITIONS = DEBUG;
				SWIFT_OPTIMIZATION_LEVEL = "-Onone";
			};
			name = Debug;
		};
		52283BC12A8DDEEC003942F2 /* Release */ = {
			isa = XCBuildConfiguration;
			buildSettings = {
				ALWAYS_SEARCH_USER_PATHS = NO;
				CLANG_ANALYZER_NONNULL = YES;
				CLANG_ANALYZER_NUMBER_OBJECT_CONVERSION = YES_AGGRESSIVE;
				CLANG_CXX_LANGUAGE_STANDARD = "gnu++20";
				CLANG_ENABLE_MODULES = YES;
				CLANG_ENABLE_OBJC_ARC = YES;
				CLANG_ENABLE_OBJC_WEAK = YES;
				CLANG_WARN_BLOCK_CAPTURE_AUTORELEASING = YES;
				CLANG_WARN_BOOL_CONVERSION = YES;
				CLANG_WARN_COMMA = YES;
				CLANG_WARN_CONSTANT_CONVERSION = YES;
				CLANG_WARN_DEPRECATED_OBJC_IMPLEMENTATIONS = YES;
				CLANG_WARN_DIRECT_OBJC_ISA_USAGE = YES_ERROR;
				CLANG_WARN_DOCUMENTATION_COMMENTS = YES;
				CLANG_WARN_EMPTY_BODY = YES;
				CLANG_WARN_ENUM_CONVERSION = YES;
				CLANG_WARN_INFINITE_RECURSION = YES;
				CLANG_WARN_INT_CONVERSION = YES;
				CLANG_WARN_NON_LITERAL_NULL_CONVERSION = YES;
				CLANG_WARN_OBJC_IMPLICIT_RETAIN_SELF = YES;
				CLANG_WARN_OBJC_LITERAL_CONVERSION = YES;
				CLANG_WARN_OBJC_ROOT_CLASS = YES_ERROR;
				CLANG_WARN_QUOTED_INCLUDE_IN_FRAMEWORK_HEADER = YES;
				CLANG_WARN_RANGE_LOOP_ANALYSIS = YES;
				CLANG_WARN_STRICT_PROTOTYPES = YES;
				CLANG_WARN_SUSPICIOUS_MOVE = YES;
				CLANG_WARN_UNGUARDED_AVAILABILITY = YES_AGGRESSIVE;
				CLANG_WARN_UNREACHABLE_CODE = YES;
				CLANG_WARN__DUPLICATE_METHOD_MATCH = YES;
				COPY_PHASE_STRIP = NO;
				DEBUG_INFORMATION_FORMAT = "dwarf-with-dsym";
				ENABLE_NS_ASSERTIONS = NO;
				ENABLE_STRICT_OBJC_MSGSEND = YES;
				GCC_C_LANGUAGE_STANDARD = gnu11;
				GCC_NO_COMMON_BLOCKS = YES;
				GCC_WARN_64_TO_32_BIT_CONVERSION = YES;
				GCC_WARN_ABOUT_RETURN_TYPE = YES_ERROR;
				GCC_WARN_UNDECLARED_SELECTOR = YES;
				GCC_WARN_UNINITIALIZED_AUTOS = YES_AGGRESSIVE;
				GCC_WARN_UNUSED_FUNCTION = YES;
				GCC_WARN_UNUSED_VARIABLE = YES;
				IPHONEOS_DEPLOYMENT_TARGET = 15.0;
				MTL_ENABLE_DEBUG_INFO = NO;
				MTL_FAST_MATH = YES;
				SDKROOT = iphoneos;
				SWIFT_COMPILATION_MODE = wholemodule;
				SWIFT_OPTIMIZATION_LEVEL = "-O";
				VALIDATE_PRODUCT = YES;
			};
			name = Release;
		};
		52283BC32A8DDEEC003942F2 /* Debug */ = {
			isa = XCBuildConfiguration;
			buildSettings = {
				ASSETCATALOG_COMPILER_APPICON_NAME = AppIcon;
				ASSETCATALOG_COMPILER_GLOBAL_ACCENT_COLOR_NAME = AccentColor;
				CODE_SIGN_STYLE = Automatic;
				CURRENT_PROJECT_VERSION = 1;
				DEVELOPMENT_ASSET_PATHS = "\"Travel Era/Preview Content\"";
				DEVELOPMENT_TEAM = T27Z45937J;
				ENABLE_PREVIEWS = YES;
				GENERATE_INFOPLIST_FILE = YES;
				INFOPLIST_FILE = "Travel-Era-Info.plist";
				INFOPLIST_KEY_UIApplicationSceneManifest_Generation = YES;
				INFOPLIST_KEY_UIApplicationSupportsIndirectInputEvents = YES;
				INFOPLIST_KEY_UISupportedInterfaceOrientations = UIInterfaceOrientationPortrait;
				INFOPLIST_KEY_UISupportedInterfaceOrientations_iPad = "UIInterfaceOrientationLandscapeLeft UIInterfaceOrientationLandscapeRight UIInterfaceOrientationPortrait UIInterfaceOrientationPortraitUpsideDown";
				INFOPLIST_KEY_UISupportedInterfaceOrientations_iPhone = UIInterfaceOrientationPortrait;
				IPHONEOS_DEPLOYMENT_TARGET = 15.0;
				LD_RUNPATH_SEARCH_PATHS = (
					"$(inherited)",
					"@executable_path/Frameworks",
				);
				MARKETING_VERSION = 1.0;
				PRODUCT_BUNDLE_IDENTIFIER = "App.Travel-Era";
				PRODUCT_NAME = "$(TARGET_NAME)";
				SWIFT_EMIT_LOC_STRINGS = YES;
				SWIFT_VERSION = 5.0;
				TARGETED_DEVICE_FAMILY = "1,2";
			};
			name = Debug;
		};
		52283BC42A8DDEEC003942F2 /* Release */ = {
			isa = XCBuildConfiguration;
			buildSettings = {
				ASSETCATALOG_COMPILER_APPICON_NAME = AppIcon;
				ASSETCATALOG_COMPILER_GLOBAL_ACCENT_COLOR_NAME = AccentColor;
				CODE_SIGN_STYLE = Automatic;
				CURRENT_PROJECT_VERSION = 1;
				DEVELOPMENT_ASSET_PATHS = "\"Travel Era/Preview Content\"";
				DEVELOPMENT_TEAM = T27Z45937J;
				ENABLE_PREVIEWS = YES;
				GENERATE_INFOPLIST_FILE = YES;
				INFOPLIST_FILE = "Travel-Era-Info.plist";
				INFOPLIST_KEY_UIApplicationSceneManifest_Generation = YES;
				INFOPLIST_KEY_UIApplicationSupportsIndirectInputEvents = YES;
				INFOPLIST_KEY_UISupportedInterfaceOrientations = UIInterfaceOrientationPortrait;
				INFOPLIST_KEY_UISupportedInterfaceOrientations_iPad = "UIInterfaceOrientationLandscapeLeft UIInterfaceOrientationLandscapeRight UIInterfaceOrientationPortrait UIInterfaceOrientationPortraitUpsideDown";
				INFOPLIST_KEY_UISupportedInterfaceOrientations_iPhone = UIInterfaceOrientationPortrait;
				IPHONEOS_DEPLOYMENT_TARGET = 15.0;
				LD_RUNPATH_SEARCH_PATHS = (
					"$(inherited)",
					"@executable_path/Frameworks",
				);
				MARKETING_VERSION = 1.0;
				PRODUCT_BUNDLE_IDENTIFIER = "App.Travel-Era";
				PRODUCT_NAME = "$(TARGET_NAME)";
				SWIFT_EMIT_LOC_STRINGS = YES;
				SWIFT_VERSION = 5.0;
				TARGETED_DEVICE_FAMILY = "1,2";
			};
			name = Release;
		};
/* End XCBuildConfiguration section */

/* Begin XCConfigurationList section */
		52283BAF2A8DDEEA003942F2 /* Build configuration list for PBXProject "Travel Era" */ = {
			isa = XCConfigurationList;
			buildConfigurations = (
				52283BC02A8DDEEC003942F2 /* Debug */,
				52283BC12A8DDEEC003942F2 /* Release */,
			);
			defaultConfigurationIsVisible = 0;
			defaultConfigurationName = Release;
		};
		52283BC22A8DDEEC003942F2 /* Build configuration list for PBXNativeTarget "Travel Era" */ = {
			isa = XCConfigurationList;
			buildConfigurations = (
				52283BC32A8DDEEC003942F2 /* Debug */,
				52283BC42A8DDEEC003942F2 /* Release */,
			);
			defaultConfigurationIsVisible = 0;
			defaultConfigurationName = Release;
		};
/* End XCConfigurationList section */
	};
	rootObject = 52283BAC2A8DDEEA003942F2 /* Project object */;
}
